// !$*UTF8*$!
{
	archiveVersion = 1;
	classes = {
	};
	objectVersion = 46;
	objects = {

/* Begin PBXBuildFile section */
		402EA9BE1D4B39B500E01F88 /* LGOCall.m in Sources */ = {isa = PBXBuildFile; fileRef = 402EA9BD1D4B39B500E01F88 /* LGOCall.m */; };
		402EA9C21D4F010200E01F88 /* LGODataModel.m in Sources */ = {isa = PBXBuildFile; fileRef = 402EA9C11D4F010200E01F88 /* LGODataModel.m */; };
		402EA9C61D4F278B00E01F88 /* LGODevice.m in Sources */ = {isa = PBXBuildFile; fileRef = 402EA9C51D4F278B00E01F88 /* LGODevice.m */; };
		402EA9CA1D4F3B9700E01F88 /* LGOFileManager.m in Sources */ = {isa = PBXBuildFile; fileRef = 402EA9C91D4F3B9700E01F88 /* LGOFileManager.m */; };
		402EA9CE1D4F964000E01F88 /* LGOHTTPRequest.m in Sources */ = {isa = PBXBuildFile; fileRef = 402EA9CD1D4F964000E01F88 /* LGOHTTPRequest.m */; };
		406089FD1D5192E700219874 /* LGOPasteboard.m in Sources */ = {isa = PBXBuildFile; fileRef = 406089FC1D5192E700219874 /* LGOPasteboard.m */; };
		40608A011D51A23000219874 /* LGOUserDefaults.m in Sources */ = {isa = PBXBuildFile; fileRef = 40608A001D51A23000219874 /* LGOUserDefaults.m */; };
		40608A041D51C3D900219874 /* LGOOpenURL.m in Sources */ = {isa = PBXBuildFile; fileRef = 40608A031D51C3D900219874 /* LGOOpenURL.m */; };
		40608A071D51C99400219874 /* LGOCanOpenURL.m in Sources */ = {isa = PBXBuildFile; fileRef = 40608A061D51C99400219874 /* LGOCanOpenURL.m */; };
		40608A0B1D51CC2800219874 /* LGONotification.m in Sources */ = {isa = PBXBuildFile; fileRef = 40608A0A1D51CC2800219874 /* LGONotification.m */; };
		40608A181D52F0F200219874 /* LGOActionSheet.m in Sources */ = {isa = PBXBuildFile; fileRef = 40608A171D52F0F200219874 /* LGOActionSheet.m */; };
		40608A1B1D532BB200219874 /* LGOAlertView.m in Sources */ = {isa = PBXBuildFile; fileRef = 40608A1A1D532BB200219874 /* LGOAlertView.m */; };
		40608A1E1D5339DE00219874 /* LGOBounce.m in Sources */ = {isa = PBXBuildFile; fileRef = 40608A1D1D5339DE00219874 /* LGOBounce.m */; };
		40608A211D5340A300219874 /* LGOIndicatorView.m in Sources */ = {isa = PBXBuildFile; fileRef = 40608A201D5340A300219874 /* LGOIndicatorView.m */; };
		40608A241D534ABE00219874 /* LGOStatusBar.m in Sources */ = {isa = PBXBuildFile; fileRef = 40608A231D534ABE00219874 /* LGOStatusBar.m */; };
		40608A361D54882800219874 /* LGOAppFrame.m in Sources */ = {isa = PBXBuildFile; fileRef = 40608A351D54882800219874 /* LGOAppFrame.m */; };
		40608A391D54A5FA00219874 /* LGOImagePreviewer.m in Sources */ = {isa = PBXBuildFile; fileRef = 40608A381D54A5FA00219874 /* LGOImagePreviewer.m */; };
		40608A3C1D5759DC00219874 /* LGORefresh.m in Sources */ = {isa = PBXBuildFile; fileRef = 40608A3B1D5759DC00219874 /* LGORefresh.m */; };
		40608A3F1D575FE400219874 /* LGOImagePreviewZoomingScrollView.m in Sources */ = {isa = PBXBuildFile; fileRef = 40608A3E1D575FE400219874 /* LGOImagePreviewZoomingScrollView.m */; };
		40608A451D581ACA00219874 /* LGOImagePreviewController.m in Sources */ = {isa = PBXBuildFile; fileRef = 40608A441D581ACA00219874 /* LGOImagePreviewController.m */; };
		40608A481D5888FC00219874 /* LGODeviceReachability.m in Sources */ = {isa = PBXBuildFile; fileRef = 40608A471D5888FC00219874 /* LGODeviceReachability.m */; };
		9050A4F81D484D2600306F9E /* LGOWKWebView.m in Sources */ = {isa = PBXBuildFile; fileRef = 9050A4F71D484D2600306F9E /* LGOWKWebView.m */; };
		9050A4FB1D4850F700306F9E /* LGOJavaScriptUserContentController.m in Sources */ = {isa = PBXBuildFile; fileRef = 9050A4FA1D4850F700306F9E /* LGOJavaScriptUserContentController.m */; };
		9050A5191D48914A00306F9E /* WebKit.framework in Frameworks */ = {isa = PBXBuildFile; fileRef = 9050A5181D48914A00306F9E /* WebKit.framework */; settings = {ATTRIBUTES = (Weak, ); }; };
		90673F911D5C29C0009B9D9B /* LGOWebView+RefreshControl.m in Sources */ = {isa = PBXBuildFile; fileRef = 90673F8E1D5C29C0009B9D9B /* LGOWebView+RefreshControl.m */; };
		90673F921D5C29C0009B9D9B /* LGOWKWebView+RefreshControl.m in Sources */ = {isa = PBXBuildFile; fileRef = 90673F901D5C29C0009B9D9B /* LGOWKWebView+RefreshControl.m */; };
		906F11CF1D5C5A3B001F64DF /* LGOWebView+DataModel.m in Sources */ = {isa = PBXBuildFile; fileRef = 906F11CC1D5C5A3B001F64DF /* LGOWebView+DataModel.m */; };
		906F11D01D5C5A3B001F64DF /* LGOWKWebView+DataModel.m in Sources */ = {isa = PBXBuildFile; fileRef = 906F11CE1D5C5A3B001F64DF /* LGOWKWebView+DataModel.m */; };
		906F11DE1D5C7C2B001F64DF /* LGOModalController.m in Sources */ = {isa = PBXBuildFile; fileRef = 906F11D31D5C7C2B001F64DF /* LGOModalController.m */; };
		906F11E11D5C7C2B001F64DF /* LGONavigationController.m in Sources */ = {isa = PBXBuildFile; fileRef = 906F11DA1D5C7C2B001F64DF /* LGONavigationController.m */; };
		906F11E21D5C7C2B001F64DF /* LGONavigationItem.m in Sources */ = {isa = PBXBuildFile; fileRef = 906F11DD1D5C7C2B001F64DF /* LGONavigationItem.m */; };
		906F11E51D5C7C40001F64DF /* UIViewController+LGOViewController.m in Sources */ = {isa = PBXBuildFile; fileRef = 906F11E41D5C7C40001F64DF /* UIViewController+LGOViewController.m */; };
		906F11E81D5C88EE001F64DF /* UIViewController+LGOStatusBar.m in Sources */ = {isa = PBXBuildFile; fileRef = 906F11E71D5C88EE001F64DF /* UIViewController+LGOStatusBar.m */; };
		906F11EB1D5D7196001F64DF /* UINavigationController+LGOStatusBar.m in Sources */ = {isa = PBXBuildFile; fileRef = 906F11EA1D5D7196001F64DF /* UINavigationController+LGOStatusBar.m */; };
		906F11EE1D5D9FD8001F64DF /* UITabBarController+LGOStatusBar.m in Sources */ = {isa = PBXBuildFile; fileRef = 906F11ED1D5D9FD8001F64DF /* UITabBarController+LGOStatusBar.m */; };
		906F11F21D5DD31D001F64DF /* UIWebView+LGOViewControllerArgs.m in Sources */ = {isa = PBXBuildFile; fileRef = 906F11F11D5DD31D001F64DF /* UIWebView+LGOViewControllerArgs.m */; };
		906F11F51D5DD32B001F64DF /* WKWebView+LGOViewControllerArgs.m in Sources */ = {isa = PBXBuildFile; fileRef = 906F11F41D5DD32B001F64DF /* WKWebView+LGOViewControllerArgs.m */; };
		90E8CCD01D470892005F4746 /* main.m in Sources */ = {isa = PBXBuildFile; fileRef = 90E8CCCF1D470892005F4746 /* main.m */; };
		90E8CCD31D470892005F4746 /* AppDelegate.m in Sources */ = {isa = PBXBuildFile; fileRef = 90E8CCD21D470892005F4746 /* AppDelegate.m */; };
		90E8CCDB1D470892005F4746 /* Assets.xcassets in Resources */ = {isa = PBXBuildFile; fileRef = 90E8CCDA1D470892005F4746 /* Assets.xcassets */; };
		90E8CCDE1D470892005F4746 /* LaunchScreen.storyboard in Resources */ = {isa = PBXBuildFile; fileRef = 90E8CCDC1D470892005F4746 /* LaunchScreen.storyboard */; };
		90E8CCFF1D470AB7005F4746 /* LGOWebView.m in Sources */ = {isa = PBXBuildFile; fileRef = 90E8CCFE1D470AB7005F4746 /* LGOWebView.m */; };
		90E8CD021D470ACF005F4746 /* LGOJavaScriptBridge.m in Sources */ = {isa = PBXBuildFile; fileRef = 90E8CD011D470ACF005F4746 /* LGOJavaScriptBridge.m */; };
		90E8CD051D47115D005F4746 /* JSContext+LGOProps.m in Sources */ = {isa = PBXBuildFile; fileRef = 90E8CD041D47115D005F4746 /* JSContext+LGOProps.m */; };
		90E8CD201D47341B005F4746 /* Native.Call.html in Resources */ = {isa = PBXBuildFile; fileRef = 90E8CD081D47341B005F4746 /* Native.Call.html */; };
		90E8CD211D47341B005F4746 /* Native.CanOpenURL.html in Resources */ = {isa = PBXBuildFile; fileRef = 90E8CD091D47341B005F4746 /* Native.CanOpenURL.html */; };
		90E8CD221D47341B005F4746 /* Native.Check.html in Resources */ = {isa = PBXBuildFile; fileRef = 90E8CD0A1D47341B005F4746 /* Native.Check.html */; };
		90E8CD231D47341B005F4746 /* Native.DataModel.html in Resources */ = {isa = PBXBuildFile; fileRef = 90E8CD0B1D47341B005F4746 /* Native.DataModel.html */; };
		90E8CD241D47341B005F4746 /* Native.Device.html in Resources */ = {isa = PBXBuildFile; fileRef = 90E8CD0C1D47341B005F4746 /* Native.Device.html */; };
		90E8CD251D47341B005F4746 /* Native.FileManager.html in Resources */ = {isa = PBXBuildFile; fileRef = 90E8CD0D1D47341B005F4746 /* Native.FileManager.html */; };
		90E8CD261D47341B005F4746 /* Native.HTTPRequest.html in Resources */ = {isa = PBXBuildFile; fileRef = 90E8CD0E1D47341B005F4746 /* Native.HTTPRequest.html */; };
		90E8CD271D47341B005F4746 /* Native.Notification.html in Resources */ = {isa = PBXBuildFile; fileRef = 90E8CD0F1D47341B005F4746 /* Native.Notification.html */; };
		90E8CD281D47341B005F4746 /* Native.Pasteboard.html in Resources */ = {isa = PBXBuildFile; fileRef = 90E8CD101D47341B005F4746 /* Native.Pasteboard.html */; };
		90E8CD291D47341B005F4746 /* Native.UserDefaults.html in Resources */ = {isa = PBXBuildFile; fileRef = 90E8CD111D47341B005F4746 /* Native.UserDefaults.html */; };
		90E8CD2A1D47341B005F4746 /* UI.ActionSheet.html in Resources */ = {isa = PBXBuildFile; fileRef = 90E8CD121D47341B005F4746 /* UI.ActionSheet.html */; };
		90E8CD2B1D47341B005F4746 /* UI.AlertView.html in Resources */ = {isa = PBXBuildFile; fileRef = 90E8CD131D47341B005F4746 /* UI.AlertView.html */; };
		90E8CD2C1D47341B005F4746 /* UI.AppFrame.html in Resources */ = {isa = PBXBuildFile; fileRef = 90E8CD141D47341B005F4746 /* UI.AppFrame.html */; };
		90E8CD2D1D47341B005F4746 /* UI.Bounce.html in Resources */ = {isa = PBXBuildFile; fileRef = 90E8CD151D47341B005F4746 /* UI.Bounce.html */; };
		90E8CD2E1D47341B005F4746 /* UI.ImagePreviewer.html in Resources */ = {isa = PBXBuildFile; fileRef = 90E8CD161D47341B005F4746 /* UI.ImagePreviewer.html */; };
		90E8CD2F1D47341B005F4746 /* UI.IndicatorView.html in Resources */ = {isa = PBXBuildFile; fileRef = 90E8CD171D47341B005F4746 /* UI.IndicatorView.html */; };
		90E8CD301D47341B005F4746 /* UI.Refresh.html in Resources */ = {isa = PBXBuildFile; fileRef = 90E8CD181D47341B005F4746 /* UI.Refresh.html */; };
		90E8CD311D47341B005F4746 /* UI.ViewController.html in Resources */ = {isa = PBXBuildFile; fileRef = 90E8CD191D47341B005F4746 /* UI.ViewController.html */; };
		90E8CD4B1D473BB5005F4746 /* LGOCore.m in Sources */ = {isa = PBXBuildFile; fileRef = 90E8CD461D473BB5005F4746 /* LGOCore.m */; };
		90E8CD4C1D473BB5005F4746 /* LGOModules.m in Sources */ = {isa = PBXBuildFile; fileRef = 90E8CD481D473BB5005F4746 /* LGOModules.m */; };
		90E8CD4D1D473BB5005F4746 /* LGOProtocols.m in Sources */ = {isa = PBXBuildFile; fileRef = 90E8CD4A1D473BB5005F4746 /* LGOProtocols.m */; };
		90E8CD531D474353005F4746 /* LGOWatchDog.m in Sources */ = {isa = PBXBuildFile; fileRef = 90E8CD521D474353005F4746 /* LGOWatchDog.m */; };
		90E8CD561D474EC1005F4746 /* SDKSample.Storyboard in Resources */ = {isa = PBXBuildFile; fileRef = 90E8CD551D474EC1005F4746 /* SDKSample.Storyboard */; };
		90E8CD5C1D475293005F4746 /* SDKSampleJavaScriptListViewController.m in Sources */ = {isa = PBXBuildFile; fileRef = 90E8CD5B1D475293005F4746 /* SDKSampleJavaScriptListViewController.m */; };
		90E8CD5F1D47532F005F4746 /* SDKSampleJavaScriptItemViewController.m in Sources */ = {isa = PBXBuildFile; fileRef = 90E8CD5E1D47532F005F4746 /* SDKSampleJavaScriptItemViewController.m */; };
		90E8CD651D4760D7005F4746 /* LGOCheck.m in Sources */ = {isa = PBXBuildFile; fileRef = 90E8CD641D4760D7005F4746 /* LGOCheck.m */; };
		90F8D3CC1D6153AC00CBEDB2 /* LGONavigationBar.m in Sources */ = {isa = PBXBuildFile; fileRef = 90F8D3CB1D6153AC00CBEDB2 /* LGONavigationBar.m */; };
		90F8D3CF1D61550D00CBEDB2 /* UIViewController+LGONavigationBar.m in Sources */ = {isa = PBXBuildFile; fileRef = 90F8D3CE1D61550D00CBEDB2 /* UIViewController+LGONavigationBar.m */; };
		90F8D3D21D61581D00CBEDB2 /* UINavigationController+LGONavigationBar.m in Sources */ = {isa = PBXBuildFile; fileRef = 90F8D3D11D61581D00CBEDB2 /* UINavigationController+LGONavigationBar.m */; };
		90F8D3D71D6162CB00CBEDB2 /* LGOProgressView.m in Sources */ = {isa = PBXBuildFile; fileRef = 90F8D3D61D6162CB00CBEDB2 /* LGOProgressView.m */; };
		90F8D3DB1D61805E00CBEDB2 /* UIWebView+LGOAutoInject.m in Sources */ = {isa = PBXBuildFile; fileRef = 90F8D3DA1D61805E00CBEDB2 /* UIWebView+LGOAutoInject.m */; };
		90F8D3DE1D6181B200CBEDB2 /* WKWebView+LGOAutoInject.m in Sources */ = {isa = PBXBuildFile; fileRef = 90F8D3DD1D6181B200CBEDB2 /* WKWebView+LGOAutoInject.m */; };
		90F8D3E41D61CA7800CBEDB2 /* weui.zip in Resources */ = {isa = PBXBuildFile; fileRef = 90F8D3E31D61CA7800CBEDB2 /* weui.zip */; };
		90F8D3F81D62B17600CBEDB2 /* LGOMIMETypes.m in Sources */ = {isa = PBXBuildFile; fileRef = 90F8D3F11D62B17600CBEDB2 /* LGOMIMETypes.m */; };
		90F8D3F91D62B17600CBEDB2 /* LGOPack.m in Sources */ = {isa = PBXBuildFile; fileRef = 90F8D3F31D62B17600CBEDB2 /* LGOPack.m */; };
		90F8D3FA1D62B17600CBEDB2 /* UIWebView+LGOPack.m in Sources */ = {isa = PBXBuildFile; fileRef = 90F8D3F51D62B17600CBEDB2 /* UIWebView+LGOPack.m */; };
		90F8D3FB1D62B17600CBEDB2 /* WKWebView+LGOPack.m in Sources */ = {isa = PBXBuildFile; fileRef = 90F8D3F71D62B17600CBEDB2 /* WKWebView+LGOPack.m */; };
		F54B7F04EEE0A5C5F565B2AB /* libPods-Sample.a in Frameworks */ = {isa = PBXBuildFile; fileRef = 05CB2CC77EAAA6917F37215A /* libPods-Sample.a */; };
/* End PBXBuildFile section */

/* Begin PBXCopyFilesBuildPhase section */
		90E8CCF41D4708C0005F4746 /* Embed Frameworks */ = {
			isa = PBXCopyFilesBuildPhase;
			buildActionMask = 2147483647;
			dstPath = "";
			dstSubfolderSpec = 10;
			files = (
			);
			name = "Embed Frameworks";
			runOnlyForDeploymentPostprocessing = 0;
		};
/* End PBXCopyFilesBuildPhase section */

/* Begin PBXFileReference section */
		05CB2CC77EAAA6917F37215A /* libPods-Sample.a */ = {isa = PBXFileReference; explicitFileType = archive.ar; includeInIndex = 0; path = "libPods-Sample.a"; sourceTree = BUILT_PRODUCTS_DIR; };
		402EA9BC1D4B39B500E01F88 /* LGOCall.h */ = {isa = PBXFileReference; fileEncoding = 4; lastKnownFileType = sourcecode.c.h; path = LGOCall.h; sourceTree = "<group>"; };
		402EA9BD1D4B39B500E01F88 /* LGOCall.m */ = {isa = PBXFileReference; fileEncoding = 4; lastKnownFileType = sourcecode.c.objc; path = LGOCall.m; sourceTree = "<group>"; };
		402EA9C01D4F010200E01F88 /* LGODataModel.h */ = {isa = PBXFileReference; fileEncoding = 4; lastKnownFileType = sourcecode.c.h; path = LGODataModel.h; sourceTree = "<group>"; };
		402EA9C11D4F010200E01F88 /* LGODataModel.m */ = {isa = PBXFileReference; fileEncoding = 4; lastKnownFileType = sourcecode.c.objc; path = LGODataModel.m; sourceTree = "<group>"; };
		402EA9C41D4F278B00E01F88 /* LGODevice.h */ = {isa = PBXFileReference; fileEncoding = 4; lastKnownFileType = sourcecode.c.h; path = LGODevice.h; sourceTree = "<group>"; };
		402EA9C51D4F278B00E01F88 /* LGODevice.m */ = {isa = PBXFileReference; fileEncoding = 4; lastKnownFileType = sourcecode.c.objc; path = LGODevice.m; sourceTree = "<group>"; };
		402EA9C81D4F3B9700E01F88 /* LGOFileManager.h */ = {isa = PBXFileReference; fileEncoding = 4; lastKnownFileType = sourcecode.c.h; path = LGOFileManager.h; sourceTree = "<group>"; };
		402EA9C91D4F3B9700E01F88 /* LGOFileManager.m */ = {isa = PBXFileReference; fileEncoding = 4; lastKnownFileType = sourcecode.c.objc; path = LGOFileManager.m; sourceTree = "<group>"; };
		402EA9CC1D4F964000E01F88 /* LGOHTTPRequest.h */ = {isa = PBXFileReference; fileEncoding = 4; lastKnownFileType = sourcecode.c.h; path = LGOHTTPRequest.h; sourceTree = "<group>"; };
		402EA9CD1D4F964000E01F88 /* LGOHTTPRequest.m */ = {isa = PBXFileReference; fileEncoding = 4; lastKnownFileType = sourcecode.c.objc; path = LGOHTTPRequest.m; sourceTree = "<group>"; };
		406089FB1D5192E700219874 /* LGOPasteboard.h */ = {isa = PBXFileReference; fileEncoding = 4; lastKnownFileType = sourcecode.c.h; path = LGOPasteboard.h; sourceTree = "<group>"; };
		406089FC1D5192E700219874 /* LGOPasteboard.m */ = {isa = PBXFileReference; fileEncoding = 4; lastKnownFileType = sourcecode.c.objc; path = LGOPasteboard.m; sourceTree = "<group>"; };
		406089FF1D51A23000219874 /* LGOUserDefaults.h */ = {isa = PBXFileReference; fileEncoding = 4; lastKnownFileType = sourcecode.c.h; path = LGOUserDefaults.h; sourceTree = "<group>"; };
		40608A001D51A23000219874 /* LGOUserDefaults.m */ = {isa = PBXFileReference; fileEncoding = 4; lastKnownFileType = sourcecode.c.objc; path = LGOUserDefaults.m; sourceTree = "<group>"; };
		40608A021D51C3D900219874 /* LGOOpenURL.h */ = {isa = PBXFileReference; fileEncoding = 4; lastKnownFileType = sourcecode.c.h; path = LGOOpenURL.h; sourceTree = "<group>"; };
		40608A031D51C3D900219874 /* LGOOpenURL.m */ = {isa = PBXFileReference; fileEncoding = 4; lastKnownFileType = sourcecode.c.objc; path = LGOOpenURL.m; sourceTree = "<group>"; };
		40608A051D51C99400219874 /* LGOCanOpenURL.h */ = {isa = PBXFileReference; fileEncoding = 4; lastKnownFileType = sourcecode.c.h; path = LGOCanOpenURL.h; sourceTree = "<group>"; };
		40608A061D51C99400219874 /* LGOCanOpenURL.m */ = {isa = PBXFileReference; fileEncoding = 4; lastKnownFileType = sourcecode.c.objc; path = LGOCanOpenURL.m; sourceTree = "<group>"; };
		40608A091D51CC2800219874 /* LGONotification.h */ = {isa = PBXFileReference; fileEncoding = 4; lastKnownFileType = sourcecode.c.h; path = LGONotification.h; sourceTree = "<group>"; };
		40608A0A1D51CC2800219874 /* LGONotification.m */ = {isa = PBXFileReference; fileEncoding = 4; lastKnownFileType = sourcecode.c.objc; path = LGONotification.m; sourceTree = "<group>"; };
		40608A161D52F0F200219874 /* LGOActionSheet.h */ = {isa = PBXFileReference; fileEncoding = 4; lastKnownFileType = sourcecode.c.h; path = LGOActionSheet.h; sourceTree = "<group>"; };
		40608A171D52F0F200219874 /* LGOActionSheet.m */ = {isa = PBXFileReference; fileEncoding = 4; lastKnownFileType = sourcecode.c.objc; path = LGOActionSheet.m; sourceTree = "<group>"; };
		40608A191D532BB200219874 /* LGOAlertView.h */ = {isa = PBXFileReference; fileEncoding = 4; lastKnownFileType = sourcecode.c.h; path = LGOAlertView.h; sourceTree = "<group>"; };
		40608A1A1D532BB200219874 /* LGOAlertView.m */ = {isa = PBXFileReference; fileEncoding = 4; lastKnownFileType = sourcecode.c.objc; path = LGOAlertView.m; sourceTree = "<group>"; };
		40608A1C1D5339DE00219874 /* LGOBounce.h */ = {isa = PBXFileReference; fileEncoding = 4; lastKnownFileType = sourcecode.c.h; path = LGOBounce.h; sourceTree = "<group>"; };
		40608A1D1D5339DE00219874 /* LGOBounce.m */ = {isa = PBXFileReference; fileEncoding = 4; lastKnownFileType = sourcecode.c.objc; path = LGOBounce.m; sourceTree = "<group>"; };
		40608A1F1D5340A300219874 /* LGOIndicatorView.h */ = {isa = PBXFileReference; fileEncoding = 4; lastKnownFileType = sourcecode.c.h; path = LGOIndicatorView.h; sourceTree = "<group>"; };
		40608A201D5340A300219874 /* LGOIndicatorView.m */ = {isa = PBXFileReference; fileEncoding = 4; lastKnownFileType = sourcecode.c.objc; path = LGOIndicatorView.m; sourceTree = "<group>"; };
		40608A221D534ABE00219874 /* LGOStatusBar.h */ = {isa = PBXFileReference; fileEncoding = 4; lastKnownFileType = sourcecode.c.h; path = LGOStatusBar.h; sourceTree = "<group>"; };
		40608A231D534ABE00219874 /* LGOStatusBar.m */ = {isa = PBXFileReference; fileEncoding = 4; lastKnownFileType = sourcecode.c.objc; path = LGOStatusBar.m; sourceTree = "<group>"; };
		40608A341D54882800219874 /* LGOAppFrame.h */ = {isa = PBXFileReference; fileEncoding = 4; lastKnownFileType = sourcecode.c.h; path = LGOAppFrame.h; sourceTree = "<group>"; };
		40608A351D54882800219874 /* LGOAppFrame.m */ = {isa = PBXFileReference; fileEncoding = 4; lastKnownFileType = sourcecode.c.objc; path = LGOAppFrame.m; sourceTree = "<group>"; };
		40608A371D54A5FA00219874 /* LGOImagePreviewer.h */ = {isa = PBXFileReference; fileEncoding = 4; lastKnownFileType = sourcecode.c.h; path = LGOImagePreviewer.h; sourceTree = "<group>"; };
		40608A381D54A5FA00219874 /* LGOImagePreviewer.m */ = {isa = PBXFileReference; fileEncoding = 4; lastKnownFileType = sourcecode.c.objc; path = LGOImagePreviewer.m; sourceTree = "<group>"; };
		40608A3A1D5759DC00219874 /* LGORefresh.h */ = {isa = PBXFileReference; fileEncoding = 4; lastKnownFileType = sourcecode.c.h; path = LGORefresh.h; sourceTree = "<group>"; };
		40608A3B1D5759DC00219874 /* LGORefresh.m */ = {isa = PBXFileReference; fileEncoding = 4; lastKnownFileType = sourcecode.c.objc; path = LGORefresh.m; sourceTree = "<group>"; };
		40608A3D1D575FE400219874 /* LGOImagePreviewZoomingScrollView.h */ = {isa = PBXFileReference; fileEncoding = 4; lastKnownFileType = sourcecode.c.h; path = LGOImagePreviewZoomingScrollView.h; sourceTree = "<group>"; };
		40608A3E1D575FE400219874 /* LGOImagePreviewZoomingScrollView.m */ = {isa = PBXFileReference; fileEncoding = 4; lastKnownFileType = sourcecode.c.objc; path = LGOImagePreviewZoomingScrollView.m; sourceTree = "<group>"; };
		40608A431D581ACA00219874 /* LGOImagePreviewController.h */ = {isa = PBXFileReference; fileEncoding = 4; lastKnownFileType = sourcecode.c.h; path = LGOImagePreviewController.h; sourceTree = "<group>"; };
		40608A441D581ACA00219874 /* LGOImagePreviewController.m */ = {isa = PBXFileReference; fileEncoding = 4; lastKnownFileType = sourcecode.c.objc; path = LGOImagePreviewController.m; sourceTree = "<group>"; };
		40608A461D5888FC00219874 /* LGODeviceReachability.h */ = {isa = PBXFileReference; fileEncoding = 4; lastKnownFileType = sourcecode.c.h; path = LGODeviceReachability.h; sourceTree = "<group>"; };
		40608A471D5888FC00219874 /* LGODeviceReachability.m */ = {isa = PBXFileReference; fileEncoding = 4; lastKnownFileType = sourcecode.c.objc; path = LGODeviceReachability.m; sourceTree = "<group>"; };
		7A12488A39AF61C14C802E57 /* Pods-Sample.debug.xcconfig */ = {isa = PBXFileReference; includeInIndex = 1; lastKnownFileType = text.xcconfig; name = "Pods-Sample.debug.xcconfig"; path = "Pods/Target Support Files/Pods-Sample/Pods-Sample.debug.xcconfig"; sourceTree = "<group>"; };
		8CE4102F338A29E34675421B /* Pods-Sample.release.xcconfig */ = {isa = PBXFileReference; includeInIndex = 1; lastKnownFileType = text.xcconfig; name = "Pods-Sample.release.xcconfig"; path = "Pods/Target Support Files/Pods-Sample/Pods-Sample.release.xcconfig"; sourceTree = "<group>"; };
		9050A4F61D484D2600306F9E /* LGOWKWebView.h */ = {isa = PBXFileReference; fileEncoding = 4; lastKnownFileType = sourcecode.c.h; path = LGOWKWebView.h; sourceTree = "<group>"; };
		9050A4F71D484D2600306F9E /* LGOWKWebView.m */ = {isa = PBXFileReference; fileEncoding = 4; lastKnownFileType = sourcecode.c.objc; path = LGOWKWebView.m; sourceTree = "<group>"; };
		9050A4F91D4850F700306F9E /* LGOJavaScriptUserContentController.h */ = {isa = PBXFileReference; fileEncoding = 4; lastKnownFileType = sourcecode.c.h; path = LGOJavaScriptUserContentController.h; sourceTree = "<group>"; };
		9050A4FA1D4850F700306F9E /* LGOJavaScriptUserContentController.m */ = {isa = PBXFileReference; fileEncoding = 4; lastKnownFileType = sourcecode.c.objc; path = LGOJavaScriptUserContentController.m; sourceTree = "<group>"; };
		9050A5181D48914A00306F9E /* WebKit.framework */ = {isa = PBXFileReference; lastKnownFileType = wrapper.framework; name = WebKit.framework; path = System/Library/Frameworks/WebKit.framework; sourceTree = SDKROOT; };
		90673F8D1D5C29C0009B9D9B /* LGOWebView+RefreshControl.h */ = {isa = PBXFileReference; fileEncoding = 4; lastKnownFileType = sourcecode.c.h; path = "LGOWebView+RefreshControl.h"; sourceTree = "<group>"; };
		90673F8E1D5C29C0009B9D9B /* LGOWebView+RefreshControl.m */ = {isa = PBXFileReference; fileEncoding = 4; lastKnownFileType = sourcecode.c.objc; path = "LGOWebView+RefreshControl.m"; sourceTree = "<group>"; };
		90673F8F1D5C29C0009B9D9B /* LGOWKWebView+RefreshControl.h */ = {isa = PBXFileReference; fileEncoding = 4; lastKnownFileType = sourcecode.c.h; path = "LGOWKWebView+RefreshControl.h"; sourceTree = "<group>"; };
		90673F901D5C29C0009B9D9B /* LGOWKWebView+RefreshControl.m */ = {isa = PBXFileReference; fileEncoding = 4; lastKnownFileType = sourcecode.c.objc; path = "LGOWKWebView+RefreshControl.m"; sourceTree = "<group>"; };
		906F11C81D5C4D58001F64DF /* LGOCallable.h */ = {isa = PBXFileReference; fileEncoding = 4; lastKnownFileType = sourcecode.c.h; path = LGOCallable.h; sourceTree = "<group>"; };
		906F11CB1D5C5A3B001F64DF /* LGOWebView+DataModel.h */ = {isa = PBXFileReference; fileEncoding = 4; lastKnownFileType = sourcecode.c.h; path = "LGOWebView+DataModel.h"; sourceTree = "<group>"; };
		906F11CC1D5C5A3B001F64DF /* LGOWebView+DataModel.m */ = {isa = PBXFileReference; fileEncoding = 4; lastKnownFileType = sourcecode.c.objc; path = "LGOWebView+DataModel.m"; sourceTree = "<group>"; };
		906F11CD1D5C5A3B001F64DF /* LGOWKWebView+DataModel.h */ = {isa = PBXFileReference; fileEncoding = 4; lastKnownFileType = sourcecode.c.h; path = "LGOWKWebView+DataModel.h"; sourceTree = "<group>"; };
		906F11CE1D5C5A3B001F64DF /* LGOWKWebView+DataModel.m */ = {isa = PBXFileReference; fileEncoding = 4; lastKnownFileType = sourcecode.c.objc; path = "LGOWKWebView+DataModel.m"; sourceTree = "<group>"; };
		906F11D21D5C7C2B001F64DF /* LGOModalController.h */ = {isa = PBXFileReference; fileEncoding = 4; lastKnownFileType = sourcecode.c.h; path = LGOModalController.h; sourceTree = "<group>"; };
		906F11D31D5C7C2B001F64DF /* LGOModalController.m */ = {isa = PBXFileReference; fileEncoding = 4; lastKnownFileType = sourcecode.c.objc; path = LGOModalController.m; sourceTree = "<group>"; };
		906F11D91D5C7C2B001F64DF /* LGONavigationController.h */ = {isa = PBXFileReference; fileEncoding = 4; lastKnownFileType = sourcecode.c.h; path = LGONavigationController.h; sourceTree = "<group>"; };
		906F11DA1D5C7C2B001F64DF /* LGONavigationController.m */ = {isa = PBXFileReference; fileEncoding = 4; lastKnownFileType = sourcecode.c.objc; path = LGONavigationController.m; sourceTree = "<group>"; };
		906F11DC1D5C7C2B001F64DF /* LGONavigationItem.h */ = {isa = PBXFileReference; fileEncoding = 4; lastKnownFileType = sourcecode.c.h; path = LGONavigationItem.h; sourceTree = "<group>"; };
		906F11DD1D5C7C2B001F64DF /* LGONavigationItem.m */ = {isa = PBXFileReference; fileEncoding = 4; lastKnownFileType = sourcecode.c.objc; path = LGONavigationItem.m; sourceTree = "<group>"; };
		906F11E31D5C7C40001F64DF /* UIViewController+LGOViewController.h */ = {isa = PBXFileReference; fileEncoding = 4; lastKnownFileType = sourcecode.c.h; path = "UIViewController+LGOViewController.h"; sourceTree = "<group>"; };
		906F11E41D5C7C40001F64DF /* UIViewController+LGOViewController.m */ = {isa = PBXFileReference; fileEncoding = 4; lastKnownFileType = sourcecode.c.objc; path = "UIViewController+LGOViewController.m"; sourceTree = "<group>"; };
		906F11E61D5C88EE001F64DF /* UIViewController+LGOStatusBar.h */ = {isa = PBXFileReference; fileEncoding = 4; lastKnownFileType = sourcecode.c.h; path = "UIViewController+LGOStatusBar.h"; sourceTree = "<group>"; };
		906F11E71D5C88EE001F64DF /* UIViewController+LGOStatusBar.m */ = {isa = PBXFileReference; fileEncoding = 4; lastKnownFileType = sourcecode.c.objc; path = "UIViewController+LGOStatusBar.m"; sourceTree = "<group>"; };
		906F11E91D5D7196001F64DF /* UINavigationController+LGOStatusBar.h */ = {isa = PBXFileReference; fileEncoding = 4; lastKnownFileType = sourcecode.c.h; path = "UINavigationController+LGOStatusBar.h"; sourceTree = "<group>"; };
		906F11EA1D5D7196001F64DF /* UINavigationController+LGOStatusBar.m */ = {isa = PBXFileReference; fileEncoding = 4; lastKnownFileType = sourcecode.c.objc; path = "UINavigationController+LGOStatusBar.m"; sourceTree = "<group>"; };
		906F11EC1D5D9FD8001F64DF /* UITabBarController+LGOStatusBar.h */ = {isa = PBXFileReference; fileEncoding = 4; lastKnownFileType = sourcecode.c.h; path = "UITabBarController+LGOStatusBar.h"; sourceTree = "<group>"; };
		906F11ED1D5D9FD8001F64DF /* UITabBarController+LGOStatusBar.m */ = {isa = PBXFileReference; fileEncoding = 4; lastKnownFileType = sourcecode.c.objc; path = "UITabBarController+LGOStatusBar.m"; sourceTree = "<group>"; };
		906F11F01D5DD31D001F64DF /* UIWebView+LGOViewControllerArgs.h */ = {isa = PBXFileReference; fileEncoding = 4; lastKnownFileType = sourcecode.c.h; path = "UIWebView+LGOViewControllerArgs.h"; sourceTree = "<group>"; };
		906F11F11D5DD31D001F64DF /* UIWebView+LGOViewControllerArgs.m */ = {isa = PBXFileReference; fileEncoding = 4; lastKnownFileType = sourcecode.c.objc; path = "UIWebView+LGOViewControllerArgs.m"; sourceTree = "<group>"; };
		906F11F31D5DD32B001F64DF /* WKWebView+LGOViewControllerArgs.h */ = {isa = PBXFileReference; fileEncoding = 4; lastKnownFileType = sourcecode.c.h; path = "WKWebView+LGOViewControllerArgs.h"; sourceTree = "<group>"; };
		906F11F41D5DD32B001F64DF /* WKWebView+LGOViewControllerArgs.m */ = {isa = PBXFileReference; fileEncoding = 4; lastKnownFileType = sourcecode.c.objc; path = "WKWebView+LGOViewControllerArgs.m"; sourceTree = "<group>"; };
		90E8CCCC1D470892005F4746 /* Sample.app */ = {isa = PBXFileReference; explicitFileType = wrapper.application; includeInIndex = 0; path = Sample.app; sourceTree = BUILT_PRODUCTS_DIR; };
		90E8CCCF1D470892005F4746 /* main.m */ = {isa = PBXFileReference; lastKnownFileType = sourcecode.c.objc; path = main.m; sourceTree = "<group>"; };
		90E8CCD11D470892005F4746 /* AppDelegate.h */ = {isa = PBXFileReference; lastKnownFileType = sourcecode.c.h; path = AppDelegate.h; sourceTree = "<group>"; };
		90E8CCD21D470892005F4746 /* AppDelegate.m */ = {isa = PBXFileReference; lastKnownFileType = sourcecode.c.objc; path = AppDelegate.m; sourceTree = "<group>"; };
		90E8CCDA1D470892005F4746 /* Assets.xcassets */ = {isa = PBXFileReference; lastKnownFileType = folder.assetcatalog; path = Assets.xcassets; sourceTree = "<group>"; };
		90E8CCDD1D470892005F4746 /* Base */ = {isa = PBXFileReference; lastKnownFileType = file.storyboard; name = Base; path = Base.lproj/LaunchScreen.storyboard; sourceTree = "<group>"; };
		90E8CCDF1D470892005F4746 /* Info.plist */ = {isa = PBXFileReference; lastKnownFileType = text.plist.xml; path = Info.plist; sourceTree = "<group>"; };
		90E8CCFD1D470AB7005F4746 /* LGOWebView.h */ = {isa = PBXFileReference; fileEncoding = 4; lastKnownFileType = sourcecode.c.h; path = LGOWebView.h; sourceTree = "<group>"; };
		90E8CCFE1D470AB7005F4746 /* LGOWebView.m */ = {isa = PBXFileReference; fileEncoding = 4; lastKnownFileType = sourcecode.c.objc; path = LGOWebView.m; sourceTree = "<group>"; };
		90E8CD001D470ACF005F4746 /* LGOJavaScriptBridge.h */ = {isa = PBXFileReference; fileEncoding = 4; lastKnownFileType = sourcecode.c.h; path = LGOJavaScriptBridge.h; sourceTree = "<group>"; };
		90E8CD011D470ACF005F4746 /* LGOJavaScriptBridge.m */ = {isa = PBXFileReference; fileEncoding = 4; lastKnownFileType = sourcecode.c.objc; path = LGOJavaScriptBridge.m; sourceTree = "<group>"; };
		90E8CD031D47115D005F4746 /* JSContext+LGOProps.h */ = {isa = PBXFileReference; fileEncoding = 4; lastKnownFileType = sourcecode.c.h; path = "JSContext+LGOProps.h"; sourceTree = "<group>"; };
		90E8CD041D47115D005F4746 /* JSContext+LGOProps.m */ = {isa = PBXFileReference; fileEncoding = 4; lastKnownFileType = sourcecode.c.objc; path = "JSContext+LGOProps.m"; sourceTree = "<group>"; };
		90E8CD081D47341B005F4746 /* Native.Call.html */ = {isa = PBXFileReference; fileEncoding = 4; lastKnownFileType = text.html; path = Native.Call.html; sourceTree = "<group>"; };
		90E8CD091D47341B005F4746 /* Native.CanOpenURL.html */ = {isa = PBXFileReference; fileEncoding = 4; lastKnownFileType = text.html; path = Native.CanOpenURL.html; sourceTree = "<group>"; };
		90E8CD0A1D47341B005F4746 /* Native.Check.html */ = {isa = PBXFileReference; fileEncoding = 4; lastKnownFileType = text.html; path = Native.Check.html; sourceTree = "<group>"; };
		90E8CD0B1D47341B005F4746 /* Native.DataModel.html */ = {isa = PBXFileReference; fileEncoding = 4; lastKnownFileType = text.html; path = Native.DataModel.html; sourceTree = "<group>"; };
		90E8CD0C1D47341B005F4746 /* Native.Device.html */ = {isa = PBXFileReference; fileEncoding = 4; lastKnownFileType = text.html; path = Native.Device.html; sourceTree = "<group>"; };
		90E8CD0D1D47341B005F4746 /* Native.FileManager.html */ = {isa = PBXFileReference; fileEncoding = 4; lastKnownFileType = text.html; path = Native.FileManager.html; sourceTree = "<group>"; };
		90E8CD0E1D47341B005F4746 /* Native.HTTPRequest.html */ = {isa = PBXFileReference; fileEncoding = 4; lastKnownFileType = text.html; path = Native.HTTPRequest.html; sourceTree = "<group>"; };
		90E8CD0F1D47341B005F4746 /* Native.Notification.html */ = {isa = PBXFileReference; fileEncoding = 4; lastKnownFileType = text.html; path = Native.Notification.html; sourceTree = "<group>"; };
		90E8CD101D47341B005F4746 /* Native.Pasteboard.html */ = {isa = PBXFileReference; fileEncoding = 4; lastKnownFileType = text.html; path = Native.Pasteboard.html; sourceTree = "<group>"; };
		90E8CD111D47341B005F4746 /* Native.UserDefaults.html */ = {isa = PBXFileReference; fileEncoding = 4; lastKnownFileType = text.html; path = Native.UserDefaults.html; sourceTree = "<group>"; };
		90E8CD121D47341B005F4746 /* UI.ActionSheet.html */ = {isa = PBXFileReference; fileEncoding = 4; lastKnownFileType = text.html; path = UI.ActionSheet.html; sourceTree = "<group>"; };
		90E8CD131D47341B005F4746 /* UI.AlertView.html */ = {isa = PBXFileReference; fileEncoding = 4; lastKnownFileType = text.html; path = UI.AlertView.html; sourceTree = "<group>"; };
		90E8CD141D47341B005F4746 /* UI.AppFrame.html */ = {isa = PBXFileReference; fileEncoding = 4; lastKnownFileType = text.html; path = UI.AppFrame.html; sourceTree = "<group>"; };
		90E8CD151D47341B005F4746 /* UI.Bounce.html */ = {isa = PBXFileReference; fileEncoding = 4; lastKnownFileType = text.html; path = UI.Bounce.html; sourceTree = "<group>"; };
		90E8CD161D47341B005F4746 /* UI.ImagePreviewer.html */ = {isa = PBXFileReference; fileEncoding = 4; lastKnownFileType = text.html; path = UI.ImagePreviewer.html; sourceTree = "<group>"; };
		90E8CD171D47341B005F4746 /* UI.IndicatorView.html */ = {isa = PBXFileReference; fileEncoding = 4; lastKnownFileType = text.html; path = UI.IndicatorView.html; sourceTree = "<group>"; };
		90E8CD181D47341B005F4746 /* UI.Refresh.html */ = {isa = PBXFileReference; fileEncoding = 4; lastKnownFileType = text.html; path = UI.Refresh.html; sourceTree = "<group>"; };
		90E8CD191D47341B005F4746 /* UI.ViewController.html */ = {isa = PBXFileReference; fileEncoding = 4; lastKnownFileType = text.html; path = UI.ViewController.html; sourceTree = "<group>"; };
		90E8CD451D473BB5005F4746 /* LGOCore.h */ = {isa = PBXFileReference; fileEncoding = 4; lastKnownFileType = sourcecode.c.h; path = LGOCore.h; sourceTree = "<group>"; };
		90E8CD461D473BB5005F4746 /* LGOCore.m */ = {isa = PBXFileReference; fileEncoding = 4; lastKnownFileType = sourcecode.c.objc; path = LGOCore.m; sourceTree = "<group>"; };
		90E8CD471D473BB5005F4746 /* LGOModules.h */ = {isa = PBXFileReference; fileEncoding = 4; lastKnownFileType = sourcecode.c.h; path = LGOModules.h; sourceTree = "<group>"; };
		90E8CD481D473BB5005F4746 /* LGOModules.m */ = {isa = PBXFileReference; fileEncoding = 4; lastKnownFileType = sourcecode.c.objc; path = LGOModules.m; sourceTree = "<group>"; };
		90E8CD491D473BB5005F4746 /* LGOProtocols.h */ = {isa = PBXFileReference; fileEncoding = 4; lastKnownFileType = sourcecode.c.h; path = LGOProtocols.h; sourceTree = "<group>"; };
		90E8CD4A1D473BB5005F4746 /* LGOProtocols.m */ = {isa = PBXFileReference; fileEncoding = 4; lastKnownFileType = sourcecode.c.objc; path = LGOProtocols.m; sourceTree = "<group>"; };
		90E8CD511D474353005F4746 /* LGOWatchDog.h */ = {isa = PBXFileReference; fileEncoding = 4; lastKnownFileType = sourcecode.c.h; path = LGOWatchDog.h; sourceTree = "<group>"; };
		90E8CD521D474353005F4746 /* LGOWatchDog.m */ = {isa = PBXFileReference; fileEncoding = 4; lastKnownFileType = sourcecode.c.objc; path = LGOWatchDog.m; sourceTree = "<group>"; };
		90E8CD551D474EC1005F4746 /* SDKSample.Storyboard */ = {isa = PBXFileReference; fileEncoding = 4; lastKnownFileType = file.storyboard; path = SDKSample.Storyboard; sourceTree = "<group>"; };
		90E8CD5A1D475293005F4746 /* SDKSampleJavaScriptListViewController.h */ = {isa = PBXFileReference; fileEncoding = 4; lastKnownFileType = sourcecode.c.h; path = SDKSampleJavaScriptListViewController.h; sourceTree = "<group>"; };
		90E8CD5B1D475293005F4746 /* SDKSampleJavaScriptListViewController.m */ = {isa = PBXFileReference; fileEncoding = 4; lastKnownFileType = sourcecode.c.objc; path = SDKSampleJavaScriptListViewController.m; sourceTree = "<group>"; };
		90E8CD5D1D47532F005F4746 /* SDKSampleJavaScriptItemViewController.h */ = {isa = PBXFileReference; fileEncoding = 4; lastKnownFileType = sourcecode.c.h; path = SDKSampleJavaScriptItemViewController.h; sourceTree = "<group>"; };
		90E8CD5E1D47532F005F4746 /* SDKSampleJavaScriptItemViewController.m */ = {isa = PBXFileReference; fileEncoding = 4; lastKnownFileType = sourcecode.c.objc; path = SDKSampleJavaScriptItemViewController.m; sourceTree = "<group>"; };
		90E8CD631D4760D7005F4746 /* LGOCheck.h */ = {isa = PBXFileReference; fileEncoding = 4; lastKnownFileType = sourcecode.c.h; path = LGOCheck.h; sourceTree = "<group>"; };
		90E8CD641D4760D7005F4746 /* LGOCheck.m */ = {isa = PBXFileReference; fileEncoding = 4; lastKnownFileType = sourcecode.c.objc; path = LGOCheck.m; sourceTree = "<group>"; };
		90F8D3CA1D6153AC00CBEDB2 /* LGONavigationBar.h */ = {isa = PBXFileReference; fileEncoding = 4; lastKnownFileType = sourcecode.c.h; path = LGONavigationBar.h; sourceTree = "<group>"; };
		90F8D3CB1D6153AC00CBEDB2 /* LGONavigationBar.m */ = {isa = PBXFileReference; fileEncoding = 4; lastKnownFileType = sourcecode.c.objc; path = LGONavigationBar.m; sourceTree = "<group>"; };
		90F8D3CD1D61550D00CBEDB2 /* UIViewController+LGONavigationBar.h */ = {isa = PBXFileReference; fileEncoding = 4; lastKnownFileType = sourcecode.c.h; path = "UIViewController+LGONavigationBar.h"; sourceTree = "<group>"; };
		90F8D3CE1D61550D00CBEDB2 /* UIViewController+LGONavigationBar.m */ = {isa = PBXFileReference; fileEncoding = 4; lastKnownFileType = sourcecode.c.objc; path = "UIViewController+LGONavigationBar.m"; sourceTree = "<group>"; };
		90F8D3D01D61581D00CBEDB2 /* UINavigationController+LGONavigationBar.h */ = {isa = PBXFileReference; fileEncoding = 4; lastKnownFileType = sourcecode.c.h; path = "UINavigationController+LGONavigationBar.h"; sourceTree = "<group>"; };
		90F8D3D11D61581D00CBEDB2 /* UINavigationController+LGONavigationBar.m */ = {isa = PBXFileReference; fileEncoding = 4; lastKnownFileType = sourcecode.c.objc; path = "UINavigationController+LGONavigationBar.m"; sourceTree = "<group>"; };
		90F8D3D51D6162CB00CBEDB2 /* LGOProgressView.h */ = {isa = PBXFileReference; fileEncoding = 4; lastKnownFileType = sourcecode.c.h; path = LGOProgressView.h; sourceTree = "<group>"; };
		90F8D3D61D6162CB00CBEDB2 /* LGOProgressView.m */ = {isa = PBXFileReference; fileEncoding = 4; lastKnownFileType = sourcecode.c.objc; path = LGOProgressView.m; sourceTree = "<group>"; };
		90F8D3D91D61805E00CBEDB2 /* UIWebView+LGOAutoInject.h */ = {isa = PBXFileReference; fileEncoding = 4; lastKnownFileType = sourcecode.c.h; path = "UIWebView+LGOAutoInject.h"; sourceTree = "<group>"; };
		90F8D3DA1D61805E00CBEDB2 /* UIWebView+LGOAutoInject.m */ = {isa = PBXFileReference; fileEncoding = 4; lastKnownFileType = sourcecode.c.objc; path = "UIWebView+LGOAutoInject.m"; sourceTree = "<group>"; };
		90F8D3DC1D6181B200CBEDB2 /* WKWebView+LGOAutoInject.h */ = {isa = PBXFileReference; fileEncoding = 4; lastKnownFileType = sourcecode.c.h; path = "WKWebView+LGOAutoInject.h"; sourceTree = "<group>"; };
		90F8D3DD1D6181B200CBEDB2 /* WKWebView+LGOAutoInject.m */ = {isa = PBXFileReference; fileEncoding = 4; lastKnownFileType = sourcecode.c.objc; path = "WKWebView+LGOAutoInject.m"; sourceTree = "<group>"; };
		90F8D3E31D61CA7800CBEDB2 /* weui.zip */ = {isa = PBXFileReference; lastKnownFileType = archive.zip; path = weui.zip; sourceTree = "<group>"; };
		90F8D3F01D62B17600CBEDB2 /* LGOMIMETypes.h */ = {isa = PBXFileReference; fileEncoding = 4; lastKnownFileType = sourcecode.c.h; path = LGOMIMETypes.h; sourceTree = "<group>"; };
		90F8D3F11D62B17600CBEDB2 /* LGOMIMETypes.m */ = {isa = PBXFileReference; fileEncoding = 4; lastKnownFileType = sourcecode.c.objc; path = LGOMIMETypes.m; sourceTree = "<group>"; };
		90F8D3F21D62B17600CBEDB2 /* LGOPack.h */ = {isa = PBXFileReference; fileEncoding = 4; lastKnownFileType = sourcecode.c.h; path = LGOPack.h; sourceTree = "<group>"; };
		90F8D3F31D62B17600CBEDB2 /* LGOPack.m */ = {isa = PBXFileReference; fileEncoding = 4; lastKnownFileType = sourcecode.c.objc; path = LGOPack.m; sourceTree = "<group>"; };
		90F8D3F41D62B17600CBEDB2 /* UIWebView+LGOPack.h */ = {isa = PBXFileReference; fileEncoding = 4; lastKnownFileType = sourcecode.c.h; path = "UIWebView+LGOPack.h"; sourceTree = "<group>"; };
		90F8D3F51D62B17600CBEDB2 /* UIWebView+LGOPack.m */ = {isa = PBXFileReference; fileEncoding = 4; lastKnownFileType = sourcecode.c.objc; path = "UIWebView+LGOPack.m"; sourceTree = "<group>"; };
		90F8D3F61D62B17600CBEDB2 /* WKWebView+LGOPack.h */ = {isa = PBXFileReference; fileEncoding = 4; lastKnownFileType = sourcecode.c.h; path = "WKWebView+LGOPack.h"; sourceTree = "<group>"; };
		90F8D3F71D62B17600CBEDB2 /* WKWebView+LGOPack.m */ = {isa = PBXFileReference; fileEncoding = 4; lastKnownFileType = sourcecode.c.objc; path = "WKWebView+LGOPack.m"; sourceTree = "<group>"; };
/* End PBXFileReference section */

/* Begin PBXFrameworksBuildPhase section */
		90E8CCC91D470892005F4746 /* Frameworks */ = {
			isa = PBXFrameworksBuildPhase;
			buildActionMask = 2147483647;
			files = (
				9050A5191D48914A00306F9E /* WebKit.framework in Frameworks */,
				F54B7F04EEE0A5C5F565B2AB /* libPods-Sample.a in Frameworks */,
			);
			runOnlyForDeploymentPostprocessing = 0;
		};
/* End PBXFrameworksBuildPhase section */

/* Begin PBXGroup section */
		2CB4D4E5EE71BD634467B90F /* Frameworks */ = {
			isa = PBXGroup;
			children = (
				9050A5181D48914A00306F9E /* WebKit.framework */,
				05CB2CC77EAAA6917F37215A /* libPods-Sample.a */,
			);
			name = Frameworks;
			sourceTree = "<group>";
		};
		402EA9BB1D4B39B500E01F88 /* Call */ = {
			isa = PBXGroup;
			children = (
				402EA9BC1D4B39B500E01F88 /* LGOCall.h */,
				402EA9BD1D4B39B500E01F88 /* LGOCall.m */,
				906F11C81D5C4D58001F64DF /* LGOCallable.h */,
			);
			path = Call;
			sourceTree = "<group>";
		};
		402EA9BF1D4F00E800E01F88 /* DataModel */ = {
			isa = PBXGroup;
			children = (
				402EA9C01D4F010200E01F88 /* LGODataModel.h */,
				402EA9C11D4F010200E01F88 /* LGODataModel.m */,
				906F11CB1D5C5A3B001F64DF /* LGOWebView+DataModel.h */,
				906F11CC1D5C5A3B001F64DF /* LGOWebView+DataModel.m */,
				906F11CD1D5C5A3B001F64DF /* LGOWKWebView+DataModel.h */,
				906F11CE1D5C5A3B001F64DF /* LGOWKWebView+DataModel.m */,
			);
			path = DataModel;
			sourceTree = "<group>";
		};
		402EA9C31D4F272D00E01F88 /* Device */ = {
			isa = PBXGroup;
			children = (
				402EA9C41D4F278B00E01F88 /* LGODevice.h */,
				402EA9C51D4F278B00E01F88 /* LGODevice.m */,
				40608A461D5888FC00219874 /* LGODeviceReachability.h */,
				40608A471D5888FC00219874 /* LGODeviceReachability.m */,
			);
			path = Device;
			sourceTree = "<group>";
		};
		402EA9C71D4F3B8A00E01F88 /* FileManager */ = {
			isa = PBXGroup;
			children = (
				402EA9C81D4F3B9700E01F88 /* LGOFileManager.h */,
				402EA9C91D4F3B9700E01F88 /* LGOFileManager.m */,
			);
			path = FileManager;
			sourceTree = "<group>";
		};
		402EA9CB1D4F962E00E01F88 /* HTTPRequest */ = {
			isa = PBXGroup;
			children = (
				402EA9CC1D4F964000E01F88 /* LGOHTTPRequest.h */,
				402EA9CD1D4F964000E01F88 /* LGOHTTPRequest.m */,
			);
			path = HTTPRequest;
			sourceTree = "<group>";
		};
		406089F91D5192AE00219874 /* OpenURL */ = {
			isa = PBXGroup;
			children = (
				40608A021D51C3D900219874 /* LGOOpenURL.h */,
				40608A031D51C3D900219874 /* LGOOpenURL.m */,
				40608A051D51C99400219874 /* LGOCanOpenURL.h */,
				40608A061D51C99400219874 /* LGOCanOpenURL.m */,
			);
			path = OpenURL;
			sourceTree = "<group>";
		};
		406089FA1D5192D200219874 /* Pasteboard */ = {
			isa = PBXGroup;
			children = (
				406089FB1D5192E700219874 /* LGOPasteboard.h */,
				406089FC1D5192E700219874 /* LGOPasteboard.m */,
			);
			path = Pasteboard;
			sourceTree = "<group>";
		};
		406089FE1D51A21700219874 /* UserDefaults */ = {
			isa = PBXGroup;
			children = (
				406089FF1D51A23000219874 /* LGOUserDefaults.h */,
				40608A001D51A23000219874 /* LGOUserDefaults.m */,
			);
			path = UserDefaults;
			sourceTree = "<group>";
		};
		40608A081D51CC0F00219874 /* Notification */ = {
			isa = PBXGroup;
			children = (
				40608A091D51CC2800219874 /* LGONotification.h */,
				40608A0A1D51CC2800219874 /* LGONotification.m */,
			);
			path = Notification;
			sourceTree = "<group>";
		};
		40608A0C1D52F0D200219874 /* UI */ = {
			isa = PBXGroup;
			children = (
				90F8D3D41D61620E00CBEDB2 /* ProgressView */,
				906F11EF1D5DB115001F64DF /* NavigationBar */,
				906F11D11D5C7C2B001F64DF /* ModalController */,
				906F11D81D5C7C2B001F64DF /* NavigationController */,
				906F11DB1D5C7C2B001F64DF /* NavigationItem */,
				40608A0D1D52F0D200219874 /* ActionSheet */,
				40608A0E1D52F0D200219874 /* AlertView */,
				40608A0F1D52F0D200219874 /* AppFrame */,
				40608A101D52F0D200219874 /* Bounce */,
				40608A111D52F0D200219874 /* ImagePreviewer */,
				40608A121D52F0D200219874 /* IndicatorView */,
				40608A131D52F0D200219874 /* Refresh */,
				40608A141D52F0D200219874 /* StatusBar */,
				40608A151D52F0D200219874 /* ViewController */,
			);
			path = UI;
			sourceTree = "<group>";
		};
		40608A0D1D52F0D200219874 /* ActionSheet */ = {
			isa = PBXGroup;
			children = (
				40608A161D52F0F200219874 /* LGOActionSheet.h */,
				40608A171D52F0F200219874 /* LGOActionSheet.m */,
			);
			path = ActionSheet;
			sourceTree = "<group>";
		};
		40608A0E1D52F0D200219874 /* AlertView */ = {
			isa = PBXGroup;
			children = (
				40608A191D532BB200219874 /* LGOAlertView.h */,
				40608A1A1D532BB200219874 /* LGOAlertView.m */,
			);
			path = AlertView;
			sourceTree = "<group>";
		};
		40608A0F1D52F0D200219874 /* AppFrame */ = {
			isa = PBXGroup;
			children = (
				40608A341D54882800219874 /* LGOAppFrame.h */,
				40608A351D54882800219874 /* LGOAppFrame.m */,
			);
			path = AppFrame;
			sourceTree = "<group>";
		};
		40608A101D52F0D200219874 /* Bounce */ = {
			isa = PBXGroup;
			children = (
				40608A1C1D5339DE00219874 /* LGOBounce.h */,
				40608A1D1D5339DE00219874 /* LGOBounce.m */,
			);
			path = Bounce;
			sourceTree = "<group>";
		};
		40608A111D52F0D200219874 /* ImagePreviewer */ = {
			isa = PBXGroup;
			children = (
				40608A371D54A5FA00219874 /* LGOImagePreviewer.h */,
				40608A381D54A5FA00219874 /* LGOImagePreviewer.m */,
				40608A3D1D575FE400219874 /* LGOImagePreviewZoomingScrollView.h */,
				40608A3E1D575FE400219874 /* LGOImagePreviewZoomingScrollView.m */,
				40608A431D581ACA00219874 /* LGOImagePreviewController.h */,
				40608A441D581ACA00219874 /* LGOImagePreviewController.m */,
			);
			path = ImagePreviewer;
			sourceTree = "<group>";
		};
		40608A121D52F0D200219874 /* IndicatorView */ = {
			isa = PBXGroup;
			children = (
				40608A1F1D5340A300219874 /* LGOIndicatorView.h */,
				40608A201D5340A300219874 /* LGOIndicatorView.m */,
			);
			path = IndicatorView;
			sourceTree = "<group>";
		};
		40608A131D52F0D200219874 /* Refresh */ = {
			isa = PBXGroup;
			children = (
				40608A3A1D5759DC00219874 /* LGORefresh.h */,
				40608A3B1D5759DC00219874 /* LGORefresh.m */,
				90673F8D1D5C29C0009B9D9B /* LGOWebView+RefreshControl.h */,
				90673F8E1D5C29C0009B9D9B /* LGOWebView+RefreshControl.m */,
				90673F8F1D5C29C0009B9D9B /* LGOWKWebView+RefreshControl.h */,
				90673F901D5C29C0009B9D9B /* LGOWKWebView+RefreshControl.m */,
			);
			path = Refresh;
			sourceTree = "<group>";
		};
		40608A141D52F0D200219874 /* StatusBar */ = {
			isa = PBXGroup;
			children = (
				40608A221D534ABE00219874 /* LGOStatusBar.h */,
				40608A231D534ABE00219874 /* LGOStatusBar.m */,
				906F11E61D5C88EE001F64DF /* UIViewController+LGOStatusBar.h */,
				906F11E71D5C88EE001F64DF /* UIViewController+LGOStatusBar.m */,
				906F11E91D5D7196001F64DF /* UINavigationController+LGOStatusBar.h */,
				906F11EA1D5D7196001F64DF /* UINavigationController+LGOStatusBar.m */,
				906F11EC1D5D9FD8001F64DF /* UITabBarController+LGOStatusBar.h */,
				906F11ED1D5D9FD8001F64DF /* UITabBarController+LGOStatusBar.m */,
			);
			path = StatusBar;
			sourceTree = "<group>";
		};
		40608A151D52F0D200219874 /* ViewController */ = {
			isa = PBXGroup;
			children = (
				906F11E31D5C7C40001F64DF /* UIViewController+LGOViewController.h */,
				906F11E41D5C7C40001F64DF /* UIViewController+LGOViewController.m */,
				906F11F01D5DD31D001F64DF /* UIWebView+LGOViewControllerArgs.h */,
				906F11F11D5DD31D001F64DF /* UIWebView+LGOViewControllerArgs.m */,
				906F11F31D5DD32B001F64DF /* WKWebView+LGOViewControllerArgs.h */,
				906F11F41D5DD32B001F64DF /* WKWebView+LGOViewControllerArgs.m */,
			);
			path = ViewController;
			sourceTree = "<group>";
		};
		6AF2DA465EB844D5EEC62EB4 /* Pods */ = {
			isa = PBXGroup;
			children = (
				7A12488A39AF61C14C802E57 /* Pods-Sample.debug.xcconfig */,
				8CE4102F338A29E34675421B /* Pods-Sample.release.xcconfig */,
			);
			name = Pods;
			sourceTree = "<group>";
		};
		906F11D11D5C7C2B001F64DF /* ModalController */ = {
			isa = PBXGroup;
			children = (
				906F11D21D5C7C2B001F64DF /* LGOModalController.h */,
				906F11D31D5C7C2B001F64DF /* LGOModalController.m */,
			);
			path = ModalController;
			sourceTree = "<group>";
		};
		906F11D81D5C7C2B001F64DF /* NavigationController */ = {
			isa = PBXGroup;
			children = (
				906F11D91D5C7C2B001F64DF /* LGONavigationController.h */,
				906F11DA1D5C7C2B001F64DF /* LGONavigationController.m */,
			);
			path = NavigationController;
			sourceTree = "<group>";
		};
		906F11DB1D5C7C2B001F64DF /* NavigationItem */ = {
			isa = PBXGroup;
			children = (
				906F11DC1D5C7C2B001F64DF /* LGONavigationItem.h */,
				906F11DD1D5C7C2B001F64DF /* LGONavigationItem.m */,
			);
			path = NavigationItem;
			sourceTree = "<group>";
		};
		906F11EF1D5DB115001F64DF /* NavigationBar */ = {
			isa = PBXGroup;
			children = (
				90F8D3CA1D6153AC00CBEDB2 /* LGONavigationBar.h */,
				90F8D3CB1D6153AC00CBEDB2 /* LGONavigationBar.m */,
				90F8D3CD1D61550D00CBEDB2 /* UIViewController+LGONavigationBar.h */,
				90F8D3CE1D61550D00CBEDB2 /* UIViewController+LGONavigationBar.m */,
				90F8D3D01D61581D00CBEDB2 /* UINavigationController+LGONavigationBar.h */,
				90F8D3D11D61581D00CBEDB2 /* UINavigationController+LGONavigationBar.m */,
			);
			path = NavigationBar;
			sourceTree = "<group>";
		};
		90E8CCA51D4707E8005F4746 = {
			isa = PBXGroup;
			children = (
				90E8CCF51D4708E4005F4746 /* SDK */,
				90E8CCCD1D470892005F4746 /* Sample */,
				90E8CCAF1D4707E8005F4746 /* Products */,
				6AF2DA465EB844D5EEC62EB4 /* Pods */,
				2CB4D4E5EE71BD634467B90F /* Frameworks */,
			);
			sourceTree = "<group>";
		};
		90E8CCAF1D4707E8005F4746 /* Products */ = {
			isa = PBXGroup;
			children = (
				90E8CCCC1D470892005F4746 /* Sample.app */,
			);
			name = Products;
			sourceTree = "<group>";
		};
		90E8CCCD1D470892005F4746 /* Sample */ = {
			isa = PBXGroup;
			children = (
				90E8CD061D47341B005F4746 /* Files */,
				90E8CCD11D470892005F4746 /* AppDelegate.h */,
				90E8CCD21D470892005F4746 /* AppDelegate.m */,
				90E8CCDA1D470892005F4746 /* Assets.xcassets */,
				90E8CCDC1D470892005F4746 /* LaunchScreen.storyboard */,
				90E8CCDF1D470892005F4746 /* Info.plist */,
				90F8D3E31D61CA7800CBEDB2 /* weui.zip */,
				90E8CCCE1D470892005F4746 /* Supporting Files */,
			);
			path = Sample;
			sourceTree = "<group>";
		};
		90E8CCCE1D470892005F4746 /* Supporting Files */ = {
			isa = PBXGroup;
			children = (
				90E8CCCF1D470892005F4746 /* main.m */,
			);
			name = "Supporting Files";
			sourceTree = "<group>";
		};
		90E8CCF51D4708E4005F4746 /* SDK */ = {
			isa = PBXGroup;
			children = (
				90E8CD601D4760BB005F4746 /* Modules */,
				90E8CD441D473BB5005F4746 /* Core */,
				90E8CCF91D470A7A005F4746 /* WebView */,
			);
			path = SDK;
			sourceTree = "<group>";
		};
		90E8CCF91D470A7A005F4746 /* WebView */ = {
			isa = PBXGroup;
			children = (
				90F8D3D81D61801C00CBEDB2 /* AutoInject */,
				90E8CCFB1D470A94005F4746 /* UIWebView */,
				90E8CCFC1D470A94005F4746 /* WKWebView */,
			);
			path = WebView;
			sourceTree = "<group>";
		};
		90E8CCFB1D470A94005F4746 /* UIWebView */ = {
			isa = PBXGroup;
			children = (
				90E8CD001D470ACF005F4746 /* LGOJavaScriptBridge.h */,
				90E8CD011D470ACF005F4746 /* LGOJavaScriptBridge.m */,
				90E8CCFD1D470AB7005F4746 /* LGOWebView.h */,
				90E8CCFE1D470AB7005F4746 /* LGOWebView.m */,
				90E8CD031D47115D005F4746 /* JSContext+LGOProps.h */,
				90E8CD041D47115D005F4746 /* JSContext+LGOProps.m */,
			);
			path = UIWebView;
			sourceTree = "<group>";
		};
		90E8CCFC1D470A94005F4746 /* WKWebView */ = {
			isa = PBXGroup;
			children = (
				9050A4F61D484D2600306F9E /* LGOWKWebView.h */,
				9050A4F71D484D2600306F9E /* LGOWKWebView.m */,
				9050A4F91D4850F700306F9E /* LGOJavaScriptUserContentController.h */,
				9050A4FA1D4850F700306F9E /* LGOJavaScriptUserContentController.m */,
			);
			path = WKWebView;
			sourceTree = "<group>";
		};
		90E8CD061D47341B005F4746 /* Files */ = {
			isa = PBXGroup;
			children = (
				90E8CD071D47341B005F4746 /* JavaScript */,
				90E8CD541D474EAF005F4746 /* Supporting Files */,
			);
			path = Files;
			sourceTree = "<group>";
		};
		90E8CD071D47341B005F4746 /* JavaScript */ = {
			isa = PBXGroup;
			children = (
				90E8CD081D47341B005F4746 /* Native.Call.html */,
				90E8CD091D47341B005F4746 /* Native.CanOpenURL.html */,
				90E8CD0A1D47341B005F4746 /* Native.Check.html */,
				90E8CD0B1D47341B005F4746 /* Native.DataModel.html */,
				90E8CD0C1D47341B005F4746 /* Native.Device.html */,
				90E8CD0D1D47341B005F4746 /* Native.FileManager.html */,
				90E8CD0E1D47341B005F4746 /* Native.HTTPRequest.html */,
				90E8CD0F1D47341B005F4746 /* Native.Notification.html */,
				90E8CD101D47341B005F4746 /* Native.Pasteboard.html */,
				90E8CD111D47341B005F4746 /* Native.UserDefaults.html */,
				90E8CD121D47341B005F4746 /* UI.ActionSheet.html */,
				90E8CD131D47341B005F4746 /* UI.AlertView.html */,
				90E8CD141D47341B005F4746 /* UI.AppFrame.html */,
				90E8CD151D47341B005F4746 /* UI.Bounce.html */,
				90E8CD161D47341B005F4746 /* UI.ImagePreviewer.html */,
				90E8CD171D47341B005F4746 /* UI.IndicatorView.html */,
				90E8CD181D47341B005F4746 /* UI.Refresh.html */,
				90E8CD191D47341B005F4746 /* UI.ViewController.html */,
			);
			path = JavaScript;
			sourceTree = "<group>";
		};
		90E8CD441D473BB5005F4746 /* Core */ = {
			isa = PBXGroup;
			children = (
				90E8CD451D473BB5005F4746 /* LGOCore.h */,
				90E8CD461D473BB5005F4746 /* LGOCore.m */,
				90E8CD471D473BB5005F4746 /* LGOModules.h */,
				90E8CD481D473BB5005F4746 /* LGOModules.m */,
				90E8CD491D473BB5005F4746 /* LGOProtocols.h */,
				90E8CD4A1D473BB5005F4746 /* LGOProtocols.m */,
				90E8CD511D474353005F4746 /* LGOWatchDog.h */,
				90E8CD521D474353005F4746 /* LGOWatchDog.m */,
			);
			path = Core;
			sourceTree = "<group>";
		};
		90E8CD541D474EAF005F4746 /* Supporting Files */ = {
			isa = PBXGroup;
			children = (
				90E8CD551D474EC1005F4746 /* SDKSample.Storyboard */,
				90E8CD5A1D475293005F4746 /* SDKSampleJavaScriptListViewController.h */,
				90E8CD5B1D475293005F4746 /* SDKSampleJavaScriptListViewController.m */,
				90E8CD5D1D47532F005F4746 /* SDKSampleJavaScriptItemViewController.h */,
				90E8CD5E1D47532F005F4746 /* SDKSampleJavaScriptItemViewController.m */,
			);
			path = "Supporting Files";
			sourceTree = "<group>";
		};
		90E8CD601D4760BB005F4746 /* Modules */ = {
			isa = PBXGroup;
			children = (
				90F8D3EE1D62B17600CBEDB2 /* WebView */,
				40608A0C1D52F0D200219874 /* UI */,
				90E8CD611D4760BB005F4746 /* Native */,
			);
			path = Modules;
			sourceTree = "<group>";
		};
		90E8CD611D4760BB005F4746 /* Native */ = {
			isa = PBXGroup;
			children = (
				40608A081D51CC0F00219874 /* Notification */,
				402EA9BB1D4B39B500E01F88 /* Call */,
				90E8CD621D4760BB005F4746 /* Check */,
				402EA9BF1D4F00E800E01F88 /* DataModel */,
				402EA9C31D4F272D00E01F88 /* Device */,
				402EA9C71D4F3B8A00E01F88 /* FileManager */,
				402EA9CB1D4F962E00E01F88 /* HTTPRequest */,
				406089F91D5192AE00219874 /* OpenURL */,
				406089FA1D5192D200219874 /* Pasteboard */,
				406089FE1D51A21700219874 /* UserDefaults */,
			);
			path = Native;
			sourceTree = "<group>";
		};
		90E8CD621D4760BB005F4746 /* Check */ = {
			isa = PBXGroup;
			children = (
				90E8CD631D4760D7005F4746 /* LGOCheck.h */,
				90E8CD641D4760D7005F4746 /* LGOCheck.m */,
			);
			path = Check;
			sourceTree = "<group>";
		};
		90F8D3D41D61620E00CBEDB2 /* ProgressView */ = {
			isa = PBXGroup;
			children = (
				90F8D3D51D6162CB00CBEDB2 /* LGOProgressView.h */,
				90F8D3D61D6162CB00CBEDB2 /* LGOProgressView.m */,
			);
			path = ProgressView;
			sourceTree = "<group>";
		};
		90F8D3D81D61801C00CBEDB2 /* AutoInject */ = {
			isa = PBXGroup;
			children = (
				90F8D3D91D61805E00CBEDB2 /* UIWebView+LGOAutoInject.h */,
				90F8D3DA1D61805E00CBEDB2 /* UIWebView+LGOAutoInject.m */,
				90F8D3DC1D6181B200CBEDB2 /* WKWebView+LGOAutoInject.h */,
				90F8D3DD1D6181B200CBEDB2 /* WKWebView+LGOAutoInject.m */,
			);
			path = AutoInject;
			sourceTree = "<group>";
		};
		90F8D3EE1D62B17600CBEDB2 /* WebView */ = {
			isa = PBXGroup;
			children = (
				90F8D3EF1D62B17600CBEDB2 /* Pack */,
			);
			path = WebView;
			sourceTree = "<group>";
		};
		90F8D3EF1D62B17600CBEDB2 /* Pack */ = {
			isa = PBXGroup;
			children = (
				90F8D3F01D62B17600CBEDB2 /* LGOMIMETypes.h */,
				90F8D3F11D62B17600CBEDB2 /* LGOMIMETypes.m */,
				90F8D3F21D62B17600CBEDB2 /* LGOPack.h */,
				90F8D3F31D62B17600CBEDB2 /* LGOPack.m */,
				90F8D3F41D62B17600CBEDB2 /* UIWebView+LGOPack.h */,
				90F8D3F51D62B17600CBEDB2 /* UIWebView+LGOPack.m */,
				90F8D3F61D62B17600CBEDB2 /* WKWebView+LGOPack.h */,
				90F8D3F71D62B17600CBEDB2 /* WKWebView+LGOPack.m */,
			);
			path = Pack;
			sourceTree = "<group>";
		};
/* End PBXGroup section */

/* Begin PBXNativeTarget section */
		90E8CCCB1D470892005F4746 /* Sample */ = {
			isa = PBXNativeTarget;
			buildConfigurationList = 90E8CCE01D470892005F4746 /* Build configuration list for PBXNativeTarget "Sample" */;
			buildPhases = (
				0312E0E8C00D0C822B443226 /* [CP] Check Pods Manifest.lock */,
				90E8CCC81D470892005F4746 /* Sources */,
				90E8CCC91D470892005F4746 /* Frameworks */,
				90E8CCCA1D470892005F4746 /* Resources */,
				90E8CCF41D4708C0005F4746 /* Embed Frameworks */,
				A1ED2E77265429D6BF66B995 /* [CP] Embed Pods Frameworks */,
				64A2A1D273A4444C7D4E6049 /* [CP] Copy Pods Resources */,
				4A41CF737A2DD69FC9002B12 /* Embed Pods Frameworks */,
			);
			buildRules = (
			);
			dependencies = (
			);
			name = Sample;
			productName = Sample;
			productReference = 90E8CCCC1D470892005F4746 /* Sample.app */;
			productType = "com.apple.product-type.application";
		};
/* End PBXNativeTarget section */

/* Begin PBXProject section */
		90E8CCA61D4707E8005F4746 /* Project object */ = {
			isa = PBXProject;
			attributes = {
				CLASSPREFIX = LGO;
				LastUpgradeCheck = 0730;
				ORGANIZATIONNAME = "UED Center";
				TargetAttributes = {
					90E8CCCB1D470892005F4746 = {
						CreatedOnToolsVersion = 7.3;
						DevelopmentTeam = 8M2FQ87SLP;
					};
				};
			};
			buildConfigurationList = 90E8CCA91D4707E8005F4746 /* Build configuration list for PBXProject "LEGO-SDK-OC" */;
			compatibilityVersion = "Xcode 3.2";
			developmentRegion = English;
			hasScannedForEncodings = 0;
			knownRegions = (
				en,
				Base,
			);
			mainGroup = 90E8CCA51D4707E8005F4746;
			productRefGroup = 90E8CCAF1D4707E8005F4746 /* Products */;
			projectDirPath = "";
			projectRoot = "";
			targets = (
				90E8CCCB1D470892005F4746 /* Sample */,
			);
		};
/* End PBXProject section */

/* Begin PBXResourcesBuildPhase section */
		90E8CCCA1D470892005F4746 /* Resources */ = {
			isa = PBXResourcesBuildPhase;
			buildActionMask = 2147483647;
			files = (
				90E8CD201D47341B005F4746 /* Native.Call.html in Resources */,
				90E8CD301D47341B005F4746 /* UI.Refresh.html in Resources */,
				90E8CD271D47341B005F4746 /* Native.Notification.html in Resources */,
				90E8CD221D47341B005F4746 /* Native.Check.html in Resources */,
				90E8CD241D47341B005F4746 /* Native.Device.html in Resources */,
				90E8CCDE1D470892005F4746 /* LaunchScreen.storyboard in Resources */,
				90E8CD291D47341B005F4746 /* Native.UserDefaults.html in Resources */,
				90E8CD261D47341B005F4746 /* Native.HTTPRequest.html in Resources */,
				90E8CD2E1D47341B005F4746 /* UI.ImagePreviewer.html in Resources */,
				90E8CCDB1D470892005F4746 /* Assets.xcassets in Resources */,
				90E8CD2D1D47341B005F4746 /* UI.Bounce.html in Resources */,
				90E8CD281D47341B005F4746 /* Native.Pasteboard.html in Resources */,
				90E8CD2B1D47341B005F4746 /* UI.AlertView.html in Resources */,
				90E8CD311D47341B005F4746 /* UI.ViewController.html in Resources */,
				90E8CD251D47341B005F4746 /* Native.FileManager.html in Resources */,
				90F8D3E41D61CA7800CBEDB2 /* weui.zip in Resources */,
				90E8CD561D474EC1005F4746 /* SDKSample.Storyboard in Resources */,
				90E8CD2C1D47341B005F4746 /* UI.AppFrame.html in Resources */,
				90E8CD2F1D47341B005F4746 /* UI.IndicatorView.html in Resources */,
				90E8CD2A1D47341B005F4746 /* UI.ActionSheet.html in Resources */,
				90E8CD211D47341B005F4746 /* Native.CanOpenURL.html in Resources */,
				90E8CD231D47341B005F4746 /* Native.DataModel.html in Resources */,
			);
			runOnlyForDeploymentPostprocessing = 0;
		};
/* End PBXResourcesBuildPhase section */

/* Begin PBXShellScriptBuildPhase section */
		0312E0E8C00D0C822B443226 /* [CP] Check Pods Manifest.lock */ = {
			isa = PBXShellScriptBuildPhase;
			buildActionMask = 2147483647;
			files = (
			);
			inputPaths = (
			);
			name = "[CP] Check Pods Manifest.lock";
			outputPaths = (
			);
			runOnlyForDeploymentPostprocessing = 0;
			shellPath = /bin/sh;
			shellScript = "diff \"${PODS_ROOT}/../Podfile.lock\" \"${PODS_ROOT}/Manifest.lock\" > /dev/null\nif [[ $? != 0 ]] ; then\n    cat << EOM\nerror: The sandbox is not in sync with the Podfile.lock. Run 'pod install' or update your CocoaPods installation.\nEOM\n    exit 1\nfi\n";
			showEnvVarsInLog = 0;
		};
		4A41CF737A2DD69FC9002B12 /* Embed Pods Frameworks */ = {
			isa = PBXShellScriptBuildPhase;
			buildActionMask = 2147483647;
			files = (
			);
			inputPaths = (
			);
			name = "Embed Pods Frameworks";
			outputPaths = (
			);
			runOnlyForDeploymentPostprocessing = 0;
			shellPath = /bin/sh;
			shellScript = "\"${SRCROOT}/Pods/Target Support Files/Pods-Sample/Pods-Sample-frameworks.sh\"\n";
			showEnvVarsInLog = 0;
		};
		64A2A1D273A4444C7D4E6049 /* [CP] Copy Pods Resources */ = {
			isa = PBXShellScriptBuildPhase;
			buildActionMask = 2147483647;
			files = (
			);
			inputPaths = (
			);
			name = "[CP] Copy Pods Resources";
			outputPaths = (
			);
			runOnlyForDeploymentPostprocessing = 0;
			shellPath = /bin/sh;
			shellScript = "\"${SRCROOT}/Pods/Target Support Files/Pods-Sample/Pods-Sample-resources.sh\"\n";
			showEnvVarsInLog = 0;
		};
		A1ED2E77265429D6BF66B995 /* [CP] Embed Pods Frameworks */ = {
			isa = PBXShellScriptBuildPhase;
			buildActionMask = 2147483647;
			files = (
			);
			inputPaths = (
			);
			name = "[CP] Embed Pods Frameworks";
			outputPaths = (
			);
			runOnlyForDeploymentPostprocessing = 0;
			shellPath = /bin/sh;
			shellScript = "\"${SRCROOT}/Pods/Target Support Files/Pods-Sample/Pods-Sample-frameworks.sh\"\n";
			showEnvVarsInLog = 0;
		};
/* End PBXShellScriptBuildPhase section */

/* Begin PBXSourcesBuildPhase section */
		90E8CCC81D470892005F4746 /* Sources */ = {
			isa = PBXSourcesBuildPhase;
			buildActionMask = 2147483647;
			files = (
				40608A3C1D5759DC00219874 /* LGORefresh.m in Sources */,
				40608A1E1D5339DE00219874 /* LGOBounce.m in Sources */,
				906F11DE1D5C7C2B001F64DF /* LGOModalController.m in Sources */,
				90F8D3D71D6162CB00CBEDB2 /* LGOProgressView.m in Sources */,
				906F11F51D5DD32B001F64DF /* WKWebView+LGOViewControllerArgs.m in Sources */,
				906F11EE1D5D9FD8001F64DF /* UITabBarController+LGOStatusBar.m in Sources */,
				40608A391D54A5FA00219874 /* LGOImagePreviewer.m in Sources */,
				90E8CD051D47115D005F4746 /* JSContext+LGOProps.m in Sources */,
				90E8CD4C1D473BB5005F4746 /* LGOModules.m in Sources */,
				40608A071D51C99400219874 /* LGOCanOpenURL.m in Sources */,
				40608A011D51A23000219874 /* LGOUserDefaults.m in Sources */,
				906F11EB1D5D7196001F64DF /* UINavigationController+LGOStatusBar.m in Sources */,
				402EA9CA1D4F3B9700E01F88 /* LGOFileManager.m in Sources */,
				40608A0B1D51CC2800219874 /* LGONotification.m in Sources */,
				406089FD1D5192E700219874 /* LGOPasteboard.m in Sources */,
				90F8D3CC1D6153AC00CBEDB2 /* LGONavigationBar.m in Sources */,
				90E8CD531D474353005F4746 /* LGOWatchDog.m in Sources */,
				906F11D01D5C5A3B001F64DF /* LGOWKWebView+DataModel.m in Sources */,
				90E8CD4B1D473BB5005F4746 /* LGOCore.m in Sources */,
				402EA9BE1D4B39B500E01F88 /* LGOCall.m in Sources */,
				906F11CF1D5C5A3B001F64DF /* LGOWebView+DataModel.m in Sources */,
				9050A4F81D484D2600306F9E /* LGOWKWebView.m in Sources */,
				906F11E11D5C7C2B001F64DF /* LGONavigationController.m in Sources */,
				40608A181D52F0F200219874 /* LGOActionSheet.m in Sources */,
				90E8CCD31D470892005F4746 /* AppDelegate.m in Sources */,
				40608A361D54882800219874 /* LGOAppFrame.m in Sources */,
				90F8D3FA1D62B17600CBEDB2 /* UIWebView+LGOPack.m in Sources */,
				90E8CD4D1D473BB5005F4746 /* LGOProtocols.m in Sources */,
				40608A481D5888FC00219874 /* LGODeviceReachability.m in Sources */,
				90F8D3CF1D61550D00CBEDB2 /* UIViewController+LGONavigationBar.m in Sources */,
				40608A451D581ACA00219874 /* LGOImagePreviewController.m in Sources */,
				90F8D3D21D61581D00CBEDB2 /* UINavigationController+LGONavigationBar.m in Sources */,
				90F8D3F81D62B17600CBEDB2 /* LGOMIMETypes.m in Sources */,
				40608A211D5340A300219874 /* LGOIndicatorView.m in Sources */,
				90E8CD651D4760D7005F4746 /* LGOCheck.m in Sources */,
				40608A3F1D575FE400219874 /* LGOImagePreviewZoomingScrollView.m in Sources */,
				40608A241D534ABE00219874 /* LGOStatusBar.m in Sources */,
				9050A4FB1D4850F700306F9E /* LGOJavaScriptUserContentController.m in Sources */,
				90E8CCFF1D470AB7005F4746 /* LGOWebView.m in Sources */,
				90F8D3DE1D6181B200CBEDB2 /* WKWebView+LGOAutoInject.m in Sources */,
				906F11E51D5C7C40001F64DF /* UIViewController+LGOViewController.m in Sources */,
				90E8CD021D470ACF005F4746 /* LGOJavaScriptBridge.m in Sources */,
				90673F921D5C29C0009B9D9B /* LGOWKWebView+RefreshControl.m in Sources */,
				402EA9C61D4F278B00E01F88 /* LGODevice.m in Sources */,
				90F8D3F91D62B17600CBEDB2 /* LGOPack.m in Sources */,
				402EA9CE1D4F964000E01F88 /* LGOHTTPRequest.m in Sources */,
				40608A1B1D532BB200219874 /* LGOAlertView.m in Sources */,
				906F11F21D5DD31D001F64DF /* UIWebView+LGOViewControllerArgs.m in Sources */,
				90E8CCD01D470892005F4746 /* main.m in Sources */,
				90E8CD5C1D475293005F4746 /* SDKSampleJavaScriptListViewController.m in Sources */,
				90E8CD5F1D47532F005F4746 /* SDKSampleJavaScriptItemViewController.m in Sources */,
				90F8D3FB1D62B17600CBEDB2 /* WKWebView+LGOPack.m in Sources */,
				402EA9C21D4F010200E01F88 /* LGODataModel.m in Sources */,
				90673F911D5C29C0009B9D9B /* LGOWebView+RefreshControl.m in Sources */,
				40608A041D51C3D900219874 /* LGOOpenURL.m in Sources */,
				90F8D3DB1D61805E00CBEDB2 /* UIWebView+LGOAutoInject.m in Sources */,
				906F11E81D5C88EE001F64DF /* UIViewController+LGOStatusBar.m in Sources */,
				906F11E21D5C7C2B001F64DF /* LGONavigationItem.m in Sources */,
			);
			runOnlyForDeploymentPostprocessing = 0;
		};
/* End PBXSourcesBuildPhase section */

/* Begin PBXVariantGroup section */
		90E8CCDC1D470892005F4746 /* LaunchScreen.storyboard */ = {
			isa = PBXVariantGroup;
			children = (
				90E8CCDD1D470892005F4746 /* Base */,
			);
			name = LaunchScreen.storyboard;
			sourceTree = "<group>";
		};
/* End PBXVariantGroup section */

/* Begin XCBuildConfiguration section */
		90E8CCC31D4707E8005F4746 /* Debug */ = {
			isa = XCBuildConfiguration;
			buildSettings = {
				ALWAYS_SEARCH_USER_PATHS = NO;
				CLANG_ANALYZER_NONNULL = YES;
				CLANG_CXX_LANGUAGE_STANDARD = "gnu++0x";
				CLANG_CXX_LIBRARY = "libc++";
				CLANG_ENABLE_MODULES = YES;
				CLANG_ENABLE_OBJC_ARC = YES;
				CLANG_WARN_BOOL_CONVERSION = YES;
				CLANG_WARN_CONSTANT_CONVERSION = YES;
				CLANG_WARN_DIRECT_OBJC_ISA_USAGE = YES_ERROR;
				CLANG_WARN_EMPTY_BODY = YES;
				CLANG_WARN_ENUM_CONVERSION = YES;
				CLANG_WARN_INT_CONVERSION = YES;
				CLANG_WARN_OBJC_ROOT_CLASS = YES_ERROR;
				CLANG_WARN_UNREACHABLE_CODE = YES;
				CLANG_WARN__DUPLICATE_METHOD_MATCH = YES;
				"CODE_SIGN_IDENTITY[sdk=iphoneos*]" = "iPhone Developer";
				COPY_PHASE_STRIP = NO;
				DEBUG_INFORMATION_FORMAT = dwarf;
				ENABLE_STRICT_OBJC_MSGSEND = YES;
				ENABLE_TESTABILITY = YES;
				GCC_C_LANGUAGE_STANDARD = gnu99;
				GCC_DYNAMIC_NO_PIC = NO;
				GCC_NO_COMMON_BLOCKS = YES;
				GCC_OPTIMIZATION_LEVEL = 0;
				GCC_PREPROCESSOR_DEFINITIONS = (
					"DEBUG=1",
					"$(inherited)",
				);
				GCC_WARN_64_TO_32_BIT_CONVERSION = YES;
				GCC_WARN_ABOUT_RETURN_TYPE = YES_ERROR;
				GCC_WARN_UNDECLARED_SELECTOR = YES;
				GCC_WARN_UNINITIALIZED_AUTOS = YES_AGGRESSIVE;
				GCC_WARN_UNUSED_FUNCTION = YES;
				GCC_WARN_UNUSED_VARIABLE = YES;
				IPHONEOS_DEPLOYMENT_TARGET = 9.3;
				MTL_ENABLE_DEBUG_INFO = YES;
				ONLY_ACTIVE_ARCH = YES;
				SDKROOT = iphoneos;
			};
			name = Debug;
		};
		90E8CCC41D4707E8005F4746 /* Release */ = {
			isa = XCBuildConfiguration;
			buildSettings = {
				ALWAYS_SEARCH_USER_PATHS = NO;
				CLANG_ANALYZER_NONNULL = YES;
				CLANG_CXX_LANGUAGE_STANDARD = "gnu++0x";
				CLANG_CXX_LIBRARY = "libc++";
				CLANG_ENABLE_MODULES = YES;
				CLANG_ENABLE_OBJC_ARC = YES;
				CLANG_WARN_BOOL_CONVERSION = YES;
				CLANG_WARN_CONSTANT_CONVERSION = YES;
				CLANG_WARN_DIRECT_OBJC_ISA_USAGE = YES_ERROR;
				CLANG_WARN_EMPTY_BODY = YES;
				CLANG_WARN_ENUM_CONVERSION = YES;
				CLANG_WARN_INT_CONVERSION = YES;
				CLANG_WARN_OBJC_ROOT_CLASS = YES_ERROR;
				CLANG_WARN_UNREACHABLE_CODE = YES;
				CLANG_WARN__DUPLICATE_METHOD_MATCH = YES;
				"CODE_SIGN_IDENTITY[sdk=iphoneos*]" = "iPhone Developer";
				COPY_PHASE_STRIP = NO;
				DEBUG_INFORMATION_FORMAT = "dwarf-with-dsym";
				ENABLE_NS_ASSERTIONS = NO;
				ENABLE_STRICT_OBJC_MSGSEND = YES;
				GCC_C_LANGUAGE_STANDARD = gnu99;
				GCC_NO_COMMON_BLOCKS = YES;
				GCC_WARN_64_TO_32_BIT_CONVERSION = YES;
				GCC_WARN_ABOUT_RETURN_TYPE = YES_ERROR;
				GCC_WARN_UNDECLARED_SELECTOR = YES;
				GCC_WARN_UNINITIALIZED_AUTOS = YES_AGGRESSIVE;
				GCC_WARN_UNUSED_FUNCTION = YES;
				GCC_WARN_UNUSED_VARIABLE = YES;
				IPHONEOS_DEPLOYMENT_TARGET = 9.3;
				MTL_ENABLE_DEBUG_INFO = NO;
				SDKROOT = iphoneos;
				VALIDATE_PRODUCT = YES;
			};
			name = Release;
		};
		90E8CCE11D470892005F4746 /* Debug */ = {
			isa = XCBuildConfiguration;
			baseConfigurationReference = 7A12488A39AF61C14C802E57 /* Pods-Sample.debug.xcconfig */;
			buildSettings = {
				ASSETCATALOG_COMPILER_APPICON_NAME = AppIcon;
				CODE_SIGN_IDENTITY = "iPhone Developer";
				"CODE_SIGN_IDENTITY[sdk=iphoneos*]" = "iPhone Developer";
				INFOPLIST_FILE = Sample/Info.plist;
				IPHONEOS_DEPLOYMENT_TARGET = 7.0;
				LD_RUNPATH_SEARCH_PATHS = "$(inherited) @executable_path/Frameworks";
				PRODUCT_BUNDLE_IDENTIFIER = com.legosdk.Sample;
				PRODUCT_NAME = "$(TARGET_NAME)";
				PROVISIONING_PROFILE = "";
			};
			name = Debug;
		};
		90E8CCE21D470892005F4746 /* Release */ = {
			isa = XCBuildConfiguration;
			baseConfigurationReference = 8CE4102F338A29E34675421B /* Pods-Sample.release.xcconfig */;
			buildSettings = {
				ASSETCATALOG_COMPILER_APPICON_NAME = AppIcon;
				CODE_SIGN_IDENTITY = "iPhone Developer";
				"CODE_SIGN_IDENTITY[sdk=iphoneos*]" = "iPhone Developer";
				INFOPLIST_FILE = Sample/Info.plist;
				IPHONEOS_DEPLOYMENT_TARGET = 7.0;
				LD_RUNPATH_SEARCH_PATHS = "$(inherited) @executable_path/Frameworks";
				PRODUCT_BUNDLE_IDENTIFIER = com.legosdk.Sample;
				PRODUCT_NAME = "$(TARGET_NAME)";
				PROVISIONING_PROFILE = "";
			};
			name = Release;
		};
/* End XCBuildConfiguration section */

/* Begin XCConfigurationList section */
		90E8CCA91D4707E8005F4746 /* Build configuration list for PBXProject "LEGO-SDK-OC" */ = {
			isa = XCConfigurationList;
			buildConfigurations = (
				90E8CCC31D4707E8005F4746 /* Debug */,
				90E8CCC41D4707E8005F4746 /* Release */,
			);
			defaultConfigurationIsVisible = 0;
			defaultConfigurationName = Release;
		};
		90E8CCE01D470892005F4746 /* Build configuration list for PBXNativeTarget "Sample" */ = {
			isa = XCConfigurationList;
			buildConfigurations = (
				90E8CCE11D470892005F4746 /* Debug */,
				90E8CCE21D470892005F4746 /* Release */,
			);
			defaultConfigurationIsVisible = 0;
			defaultConfigurationName = Release;
		};
/* End XCConfigurationList section */
	};
	rootObject = 90E8CCA61D4707E8005F4746 /* Project object */;
}
